{
  "pins" : [
    {
      "identity" : "activelabel.swift",
      "kind" : "remoteSourceControl",
      "location" : "https://github.com/yattee/ActiveLabel.swift.git",
      "state" : {
        "branch" : "feature/timestamp",
        "revision" : "2a88b80e44f84aa614032466039307c65815b2f3"
      }
    },
    {
      "identity" : "alamofire",
      "kind" : "remoteSourceControl",
      "location" : "https://github.com/Alamofire/Alamofire.git",
      "state" : {
        "revision" : "3dc6a42c7727c49bf26508e29b0a0b35f9c7e1ad",
        "version" : "5.8.1"
      }
    },
    {
      "identity" : "cache",
      "kind" : "remoteSourceControl",
      "location" : "https://github.com/hyperoslo/Cache.git",
      "state" : {
        "branch" : "master",
        "revision" : "d048bf404a5c8362c6cf840c2096d5777975cd27"
      }
    },
    {
      "identity" : "defaults",
      "kind" : "remoteSourceControl",
      "location" : "https://github.com/sindresorhus/Defaults",
      "state" : {
        "revision" : "3efef5a28ebdbbe922d4a2049493733ed14475a6",
        "version" : "7.3.1"
      }
    },
    {
      "identity" : "keychainaccess",
      "kind" : "remoteSourceControl",
      "location" : "https://github.com/kishikawakatsumi/KeychainAccess.git",
      "state" : {
        "branch" : "master",
        "revision" : "e0c7eebc5a4465a3c4680764f26b7a61f567cdaf"
      }
    },
    {
      "identity" : "libwebp-xcode",
      "kind" : "remoteSourceControl",
      "location" : "https://github.com/SDWebImage/libwebp-Xcode.git",
      "state" : {
        "revision" : "b2b1d20a90b14d11f6ef4241da6b81c1d3f171e4",
        "version" : "1.3.2"
      }
    },
    {
      "identity" : "mpvkit",
      "kind" : "remoteSourceControl",
      "location" : "https://github.com/cxfksword/MPVKit.git",
      "state" : {
        "revision" : "96825b3dc2b38e5550268156148d47798ce6aa74",
        "version" : "0.36.0"
      }
    },
    {
      "identity" : "pincache",
      "kind" : "remoteSourceControl",
      "location" : "https://github.com/pinterest/PINCache",
      "state" : {
        "branch" : "master",
        "revision" : "97a5dbd3f1e69605bcd4103fdb32ca855887c47a"
      }
    },
    {
      "identity" : "pinoperation",
      "kind" : "remoteSourceControl",
      "location" : "https://github.com/pinterest/PINOperation.git",
      "state" : {
        "revision" : "40504c156a68b20f98f7ddc73a115cbb7893be25",
        "version" : "1.2.2"
      }
    },
    {
      "identity" : "reachability.swift",
      "kind" : "remoteSourceControl",
      "location" : "https://github.com/ashleymills/Reachability.swift",
      "state" : {
        "revision" : "c01bbdf2d633cf049ae1ed1a68a2020a8bda32e2",
        "version" : "5.1.0"
      }
    },
    {
      "identity" : "repeat",
      "kind" : "remoteSourceControl",
      "location" : "https://github.com/malcommac/Repeat.git",
      "state" : {
        "revision" : "9df757d0936c15dfd9d01067766fab87e927f838",
        "version" : "0.6.0"
      }
    },
    {
      "identity" : "sdwebimage",
      "kind" : "remoteSourceControl",
      "location" : "https://github.com/SDWebImage/SDWebImage",
      "state" : {
        "branch" : "master",
        "revision" : "a41be90abd89b125cd7588f20b9788108254091a"
      }
    },
    {
      "identity" : "sdwebimagepinplugin",
      "kind" : "remoteSourceControl",
      "location" : "https://github.com/SDWebImage/SDWebImagePINPlugin.git",
      "state" : {
        "revision" : "bd73a4fb30352ec311303d811559c9c46df4caa4",
        "version" : "0.3.0"
      }
    },
    {
      "identity" : "sdwebimageswiftui",
      "kind" : "remoteSourceControl",
      "location" : "https://github.com/SDWebImage/SDWebImageSwiftUI.git",
      "state" : {
        "revision" : "261b6cec35686d2dc192b809ab50742b4502a73b",
        "version" : "2.2.6"
      }
    },
    {
      "identity" : "sdwebimagewebpcoder",
      "kind" : "remoteSourceControl",
      "location" : "https://github.com/SDWebImage/SDWebImageWebPCoder.git",
      "state" : {
        "revision" : "db4603921b31a6ce0f8c26d36d6a3fffc2dba481",
        "version" : "0.14.2"
      }
    },
    {
      "identity" : "siesta",
      "kind" : "remoteSourceControl",
      "location" : "https://github.com/bustoutsolutions/siesta",
      "state" : {
        "revision" : "43f34046ebb5beb6802200353c473af303bbc31e",
        "version" : "1.5.2"
      }
    },
    {
      "identity" : "swift-log",
      "kind" : "remoteSourceControl",
      "location" : "https://github.com/yattee/swift-log.git",
      "state" : {
        "branch" : "main",
        "revision" : "3f3dc1390a2f116894887c352792dc8d5fa9e875"
      }
    },
    {
      "identity" : "swiftui-cached-async-image",
      "kind" : "remoteSourceControl",
      "location" : "https://github.com/lorenzofiamingo/swiftui-cached-async-image",
      "state" : {
        "branch" : "main",
        "revision" : "2abb11839f80ebb07a58ac5e146a1da664260c16"
      }
    },
    {
      "identity" : "swiftui-introspect",
      "kind" : "remoteSourceControl",
      "location" : "https://github.com/siteline/SwiftUI-Introspect.git",
      "state" : {
        "revision" : "121c146fe591b1320238d054ae35c81ffa45f45a",
        "version" : "0.12.0"
      }
    },
    {
      "identity" : "swiftyjson",
      "kind" : "remoteSourceControl",
      "location" : "https://github.com/SwiftyJSON/SwiftyJSON.git",
      "state" : {
        "revision" : "b3dcd7dbd0d488e1a7077cb33b00f2083e382f07",
        "version" : "5.0.1"
      }
    }
  ],
  "version" : 2
}
