// !$*UTF8*$!
{
	archiveVersion = 1;
	classes = {
	};
	objectVersion = 77;
	objects = {

/* Begin PBXBuildFile section */
		37767AB32F05766100D248FC /* Nuke in Frameworks */ = {isa = PBXBuildFile; productRef = 37767AB22F05766100D248FC /* Nuke */; };
		37767AB52F05766100D248FC /* NukeUI in Frameworks */ = {isa = PBXBuildFile; productRef = 37767AB42F05766100D248FC /* NukeUI */; };
		378CF2FE2EF21767002C1CD7 /* MPVKit-GPL in Frameworks */ = {isa = PBXBuildFile; productRef = 378CF2FD2EF21767002C1CD7 /* MPVKit-GPL */; };
		378CF3012EF21783002C1CD7 /* MPVKit-GPL in Frameworks */ = {isa = PBXBuildFile; productRef = 378CF3002EF21783002C1CD7 /* MPVKit-GPL */; };
		37BA19A62EE4DFEE001D7B0F /* Yattee2.icon in Resources */ = {isa = PBXBuildFile; fileRef = 37BA19A52EE4DFEE001D7B0F /* Yattee2.icon */; };
		37BA19B52EE4EB7F001D7B0F /* YatteeShareExtension.appex in Embed Foundation Extensions */ = {isa = PBXBuildFile; fileRef = 37BA19AB2EE4EB7F001D7B0F /* YatteeShareExtension.appex */; platformFilter = ios; settings = {ATTRIBUTES = (RemoveHeadersOnCopy, ); }; };
/* End PBXBuildFile section */

/* Begin PBXContainerItemProxy section */
		37BA19B32EE4EB7F001D7B0F /* PBXContainerItemProxy */ = {
			isa = PBXContainerItemProxy;
			containerPortal = 372D1A1F2EDB163800F58F7A /* Project object */;
			proxyType = 1;
			remoteGlobalIDString = 37BA19AA2EE4EB7F001D7B0F;
			remoteInfo = YatteeShareExtension;
		};
		37D0B2982EDB23BD00B9C4ED /* PBXContainerItemProxy */ = {
			isa = PBXContainerItemProxy;
			containerPortal = 372D1A1F2EDB163800F58F7A /* Project object */;
			proxyType = 1;
			remoteGlobalIDString = 372D1A262EDB163800F58F7A;
			remoteInfo = Yattee;
		};
/* End PBXContainerItemProxy section */

/* Begin PBXCopyFilesBuildPhase section */
		37BA19BA2EE4EB7F001D7B0F /* Embed Foundation Extensions */ = {
			isa = PBXCopyFilesBuildPhase;
			buildActionMask = 2147483647;
			dstPath = "";
			dstSubfolderSpec = 13;
			files = (
				37BA19B52EE4EB7F001D7B0F /* YatteeShareExtension.appex in Embed Foundation Extensions */,
			);
			name = "Embed Foundation Extensions";
			runOnlyForDeploymentPostprocessing = 0;
		};
/* End PBXCopyFilesBuildPhase section */

/* Begin PBXFileReference section */
		372D1A272EDB163800F58F7A /* Yattee.app */ = {isa = PBXFileReference; explicitFileType = wrapper.application; includeInIndex = 0; path = Yattee.app; sourceTree = BUILT_PRODUCTS_DIR; };
		37BA19A52EE4DFEE001D7B0F /* Yattee2.icon */ = {isa = PBXFileReference; lastKnownFileType = folder.iconcomposer.icon; path = Yattee2.icon; sourceTree = "<group>"; };
		37BA19AB2EE4EB7F001D7B0F /* YatteeShareExtension.appex */ = {isa = PBXFileReference; explicitFileType = "wrapper.app-extension"; includeInIndex = 0; path = YatteeShareExtension.appex; sourceTree = BUILT_PRODUCTS_DIR; };
		37D0B2942EDB23BD00B9C4ED /* YatteeTests.xctest */ = {isa = PBXFileReference; explicitFileType = wrapper.cfbundle; includeInIndex = 0; path = YatteeTests.xctest; sourceTree = BUILT_PRODUCTS_DIR; };
/* End PBXFileReference section */

/* Begin PBXFileSystemSynchronizedBuildFileExceptionSet section */
		37A11F692EDC5DD700213864 /* Exceptions for "Yattee" folder in "Yattee" target */ = {
			isa = PBXFileSystemSynchronizedBuildFileExceptionSet;
			membershipExceptions = (
				Info.plist,
			);
			target = 372D1A262EDB163800F58F7A /* Yattee */;
		};
		37BA19B92EE4EB7F001D7B0F /* Exceptions for "YatteeShareExtension" folder in "YatteeShareExtension" target */ = {
			isa = PBXFileSystemSynchronizedBuildFileExceptionSet;
			membershipExceptions = (
				Info.plist,
			);
			target = 37BA19AA2EE4EB7F001D7B0F /* YatteeShareExtension */;
		};
/* End PBXFileSystemSynchronizedBuildFileExceptionSet section */

/* Begin PBXFileSystemSynchronizedRootGroup section */
		372D1A292EDB163800F58F7A /* Yattee */ = {
			isa = PBXFileSystemSynchronizedRootGroup;
			exceptions = (
				37A11F692EDC5DD700213864 /* Exceptions for "Yattee" folder in "Yattee" target */,
			);
			path = Yattee;
			sourceTree = "<group>";
		};
		37BA19AC2EE4EB7F001D7B0F /* YatteeShareExtension */ = {
			isa = PBXFileSystemSynchronizedRootGroup;
			exceptions = (
				37BA19B92EE4EB7F001D7B0F /* Exceptions for "YatteeShareExtension" folder in "YatteeShareExtension" target */,
			);
			path = YatteeShareExtension;
			sourceTree = "<group>";
		};
		37D0B2952EDB23BD00B9C4ED /* YatteeTests */ = {
			isa = PBXFileSystemSynchronizedRootGroup;
			path = YatteeTests;
			sourceTree = "<group>";
		};
/* End PBXFileSystemSynchronizedRootGroup section */

/* Begin PBXFrameworksBuildPhase section */
		372D1A242EDB163800F58F7A /* Frameworks */ = {
			isa = PBXFrameworksBuildPhase;
			buildActionMask = 2147483647;
			files = (
				37767AB32F05766100D248FC /* Nuke in Frameworks */,
				378CF2FE2EF21767002C1CD7 /* MPVKit-GPL in Frameworks */,
				378CF3012EF21783002C1CD7 /* MPVKit-GPL in Frameworks */,
				37767AB52F05766100D248FC /* NukeUI in Frameworks */,
			);
			runOnlyForDeploymentPostprocessing = 0;
		};
		37BA19A82EE4EB7F001D7B0F /* Frameworks */ = {
			isa = PBXFrameworksBuildPhase;
			buildActionMask = 2147483647;
			files = (
			);
			runOnlyForDeploymentPostprocessing = 0;
		};
		37D0B2912EDB23BD00B9C4ED /* Frameworks */ = {
			isa = PBXFrameworksBuildPhase;
			buildActionMask = 2147483647;
			files = (
			);
			runOnlyForDeploymentPostprocessing = 0;
		};
/* End PBXFrameworksBuildPhase section */

/* Begin PBXGroup section */
		372D1A1E2EDB163800F58F7A = {
			isa = PBXGroup;
			children = (
				372D1A292EDB163800F58F7A /* Yattee */,
				37D0B2952EDB23BD00B9C4ED /* YatteeTests */,
				37BA19AC2EE4EB7F001D7B0F /* YatteeShareExtension */,
				372D1A282EDB163800F58F7A /* Products */,
				37BA19A52EE4DFEE001D7B0F /* Yattee2.icon */,
			);
			sourceTree = "<group>";
		};
		372D1A282EDB163800F58F7A /* Products */ = {
			isa = PBXGroup;
			children = (
				372D1A272EDB163800F58F7A /* Yattee.app */,
				37D0B2942EDB23BD00B9C4ED /* YatteeTests.xctest */,
				37BA19AB2EE4EB7F001D7B0F /* YatteeShareExtension.appex */,
			);
			name = Products;
			sourceTree = "<group>";
		};
/* End PBXGroup section */

/* Begin PBXNativeTarget section */
		372D1A262EDB163800F58F7A /* Yattee */ = {
			isa = PBXNativeTarget;
			buildConfigurationList = 372D1A322EDB163900F58F7A /* Build configuration list for PBXNativeTarget "Yattee" */;
			buildPhases = (
				372D1A232EDB163800F58F7A /* Sources */,
				372D1A242EDB163800F58F7A /* Frameworks */,
				372D1A252EDB163800F58F7A /* Resources */,
				37BA19BA2EE4EB7F001D7B0F /* Embed Foundation Extensions */,
			);
			buildRules = (
			);
			dependencies = (
				37BA19B42EE4EB7F001D7B0F /* PBXTargetDependency */,
			);
			fileSystemSynchronizedGroups = (
				372D1A292EDB163800F58F7A /* Yattee */,
			);
			name = Yattee;
			packageProductDependencies = (
				378CF2FD2EF21767002C1CD7 /* MPVKit-GPL */,
				378CF3002EF21783002C1CD7 /* MPVKit-GPL */,
				37767AB22F05766100D248FC /* Nuke */,
				37767AB42F05766100D248FC /* NukeUI */,
			);
			productName = Yattee;
			productReference = 372D1A272EDB163800F58F7A /* Yattee.app */;
			productType = "com.apple.product-type.application";
		};
		37BA19AA2EE4EB7F001D7B0F /* YatteeShareExtension */ = {
			isa = PBXNativeTarget;
			buildConfigurationList = 37BA19B62EE4EB7F001D7B0F /* Build configuration list for PBXNativeTarget "YatteeShareExtension" */;
			buildPhases = (
				37BA19A72EE4EB7F001D7B0F /* Sources */,
				37BA19A82EE4EB7F001D7B0F /* Frameworks */,
				37BA19A92EE4EB7F001D7B0F /* Resources */,
			);
			buildRules = (
			);
			dependencies = (
			);
			fileSystemSynchronizedGroups = (
				37BA19AC2EE4EB7F001D7B0F /* YatteeShareExtension */,
			);
			name = YatteeShareExtension;
			packageProductDependencies = (
			);
			productName = YatteeShareExtension;
			productReference = 37BA19AB2EE4EB7F001D7B0F /* YatteeShareExtension.appex */;
			productType = "com.apple.product-type.app-extension";
		};
		37D0B2932EDB23BD00B9C4ED /* YatteeTests */ = {
			isa = PBXNativeTarget;
			buildConfigurationList = 37D0B29A2EDB23BD00B9C4ED /* Build configuration list for PBXNativeTarget "YatteeTests" */;
			buildPhases = (
				37D0B2902EDB23BD00B9C4ED /* Sources */,
				37D0B2912EDB23BD00B9C4ED /* Frameworks */,
				37D0B2922EDB23BD00B9C4ED /* Resources */,
			);
			buildRules = (
			);
			dependencies = (
				37D0B2992EDB23BD00B9C4ED /* PBXTargetDependency */,
			);
			fileSystemSynchronizedGroups = (
				37D0B2952EDB23BD00B9C4ED /* YatteeTests */,
			);
			name = YatteeTests;
			packageProductDependencies = (
			);
			productName = YatteeTests;
			productReference = 37D0B2942EDB23BD00B9C4ED /* YatteeTests.xctest */;
			productType = "com.apple.product-type.bundle.unit-test";
		};
/* End PBXNativeTarget section */

/* Begin PBXProject section */
		372D1A1F2EDB163800F58F7A /* Project object */ = {
			isa = PBXProject;
			attributes = {
				BuildIndependentTargetsInParallel = 1;
				LastSwiftUpdateCheck = 2620;
				LastUpgradeCheck = 2630;
				TargetAttributes = {
					372D1A262EDB163800F58F7A = {
						CreatedOnToolsVersion = 26.1.1;
					};
					37BA19AA2EE4EB7F001D7B0F = {
						CreatedOnToolsVersion = 26.2;
					};
					37D0B2932EDB23BD00B9C4ED = {
						CreatedOnToolsVersion = 26.1.1;
						TestTargetID = 372D1A262EDB163800F58F7A;
					};
				};
			};
			buildConfigurationList = 372D1A222EDB163800F58F7A /* Build configuration list for PBXProject "Yattee" */;
			developmentRegion = en;
			hasScannedForEncodings = 0;
			knownRegions = (
				en,
				Base,
			);
			mainGroup = 372D1A1E2EDB163800F58F7A;
			minimizedProjectReferenceProxies = 1;
			packageReferences = (
				378CF2FF2EF21783002C1CD7 /* XCRemoteSwiftPackageReference "MPVKit" */,
				37767AB12F05766100D248FC /* XCRemoteSwiftPackageReference "Nuke" */,
			);
			preferredProjectObjectVersion = 77;
			productRefGroup = 372D1A282EDB163800F58F7A /* Products */;
			projectDirPath = "";
			projectRoot = "";
			targets = (
				372D1A262EDB163800F58F7A /* Yattee */,
				37D0B2932EDB23BD00B9C4ED /* YatteeTests */,
				37BA19AA2EE4EB7F001D7B0F /* YatteeShareExtension */,
			);
		};
/* End PBXProject section */

/* Begin PBXResourcesBuildPhase section */
		372D1A252EDB163800F58F7A /* Resources */ = {
			isa = PBXResourcesBuildPhase;
			buildActionMask = 2147483647;
			files = (
				37BA19A62EE4DFEE001D7B0F /* Yattee2.icon in Resources */,
			);
			runOnlyForDeploymentPostprocessing = 0;
		};
		37BA19A92EE4EB7F001D7B0F /* Resources */ = {
			isa = PBXResourcesBuildPhase;
			buildActionMask = 2147483647;
			files = (
			);
			runOnlyForDeploymentPostprocessing = 0;
		};
		37D0B2922EDB23BD00B9C4ED /* Resources */ = {
			isa = PBXResourcesBuildPhase;
			buildActionMask = 2147483647;
			files = (
			);
			runOnlyForDeploymentPostprocessing = 0;
		};
/* End PBXResourcesBuildPhase section */

/* Begin PBXSourcesBuildPhase section */
		372D1A232EDB163800F58F7A /* Sources */ = {
			isa = PBXSourcesBuildPhase;
			buildActionMask = 2147483647;
			files = (
			);
			runOnlyForDeploymentPostprocessing = 0;
		};
		37BA19A72EE4EB7F001D7B0F /* Sources */ = {
			isa = PBXSourcesBuildPhase;
			buildActionMask = 2147483647;
			files = (
			);
			runOnlyForDeploymentPostprocessing = 0;
		};
		37D0B2902EDB23BD00B9C4ED /* Sources */ = {
			isa = PBXSourcesBuildPhase;
			buildActionMask = 2147483647;
			files = (
			);
			runOnlyForDeploymentPostprocessing = 0;
		};
/* End PBXSourcesBuildPhase section */

/* Begin PBXTargetDependency section */
		37BA19B42EE4EB7F001D7B0F /* PBXTargetDependency */ = {
			isa = PBXTargetDependency;
			platformFilter = ios;
			target = 37BA19AA2EE4EB7F001D7B0F /* YatteeShareExtension */;
			targetProxy = 37BA19B32EE4EB7F001D7B0F /* PBXContainerItemProxy */;
		};
		37D0B2992EDB23BD00B9C4ED /* PBXTargetDependency */ = {
			isa = PBXTargetDependency;
			target = 372D1A262EDB163800F58F7A /* Yattee */;
			targetProxy = 37D0B2982EDB23BD00B9C4ED /* PBXContainerItemProxy */;
		};
/* End PBXTargetDependency section */

/* Begin XCBuildConfiguration section */
		372D1A302EDB163900F58F7A /* Debug */ = {
			isa = XCBuildConfiguration;
			buildSettings = {
				ALWAYS_SEARCH_USER_PATHS = NO;
				ASSETCATALOG_COMPILER_GENERATE_SWIFT_ASSET_SYMBOL_EXTENSIONS = YES;
				CLANG_ANALYZER_NONNULL = YES;
				CLANG_ANALYZER_NUMBER_OBJECT_CONVERSION = YES_AGGRESSIVE;
				CLANG_CXX_LANGUAGE_STANDARD = "gnu++20";
				CLANG_ENABLE_MODULES = YES;
				CLANG_ENABLE_OBJC_ARC = YES;
				CLANG_ENABLE_OBJC_WEAK = YES;
				CLANG_WARN_BLOCK_CAPTURE_AUTORELEASING = YES;
				CLANG_WARN_BOOL_CONVERSION = YES;
				CLANG_WARN_COMMA = YES;
				CLANG_WARN_CONSTANT_CONVERSION = YES;
				CLANG_WARN_DEPRECATED_OBJC_IMPLEMENTATIONS = YES;
				CLANG_WARN_DIRECT_OBJC_ISA_USAGE = YES_ERROR;
				CLANG_WARN_DOCUMENTATION_COMMENTS = YES;
				CLANG_WARN_EMPTY_BODY = YES;
				CLANG_WARN_ENUM_CONVERSION = YES;
				CLANG_WARN_INFINITE_RECURSION = YES;
				CLANG_WARN_INT_CONVERSION = YES;
				CLANG_WARN_NON_LITERAL_NULL_CONVERSION = YES;
				CLANG_WARN_OBJC_IMPLICIT_RETAIN_SELF = YES;
				CLANG_WARN_OBJC_LITERAL_CONVERSION = YES;
				CLANG_WARN_OBJC_ROOT_CLASS = YES_ERROR;
				CLANG_WARN_QUOTED_INCLUDE_IN_FRAMEWORK_HEADER = YES;
				CLANG_WARN_RANGE_LOOP_ANALYSIS = YES;
				CLANG_WARN_STRICT_PROTOTYPES = YES;
				CLANG_WARN_SUSPICIOUS_MOVE = YES;
				CLANG_WARN_UNGUARDED_AVAILABILITY = YES_AGGRESSIVE;
				CLANG_WARN_UNREACHABLE_CODE = YES;
				CLANG_WARN__DUPLICATE_METHOD_MATCH = YES;
				COPY_PHASE_STRIP = NO;
				DEAD_CODE_STRIPPING = YES;
				DEBUG_INFORMATION_FORMAT = dwarf;
				DEVELOPMENT_TEAM = 78Z5H3M6RJ;
				ENABLE_STRICT_OBJC_MSGSEND = YES;
				ENABLE_TESTABILITY = YES;
				ENABLE_USER_SCRIPT_SANDBOXING = YES;
				GCC_C_LANGUAGE_STANDARD = gnu17;
				GCC_DYNAMIC_NO_PIC = NO;
				GCC_NO_COMMON_BLOCKS = YES;
				GCC_OPTIMIZATION_LEVEL = 0;
				GCC_PREPROCESSOR_DEFINITIONS = (
					"DEBUG=1",
					"$(inherited)",
				);
				GCC_WARN_64_TO_32_BIT_CONVERSION = YES;
				GCC_WARN_ABOUT_RETURN_TYPE = YES_ERROR;
				GCC_WARN_UNDECLARED_SELECTOR = YES;
				GCC_WARN_UNINITIALIZED_AUTOS = YES_AGGRESSIVE;
				GCC_WARN_UNUSED_FUNCTION = YES;
				GCC_WARN_UNUSED_VARIABLE = YES;
				LOCALIZATION_PREFERS_STRING_CATALOGS = YES;
				MTL_ENABLE_DEBUG_INFO = INCLUDE_SOURCE;
				MTL_FAST_MATH = YES;
				ONLY_ACTIVE_ARCH = YES;
				STRING_CATALOG_GENERATE_SYMBOLS = YES;
				SWIFT_ACTIVE_COMPILATION_CONDITIONS = "DEBUG $(inherited)";
				SWIFT_OPTIMIZATION_LEVEL = "-Onone";
			};
			name = Debug;
		};
		372D1A312EDB163900F58F7A /* Release */ = {
			isa = XCBuildConfiguration;
			buildSettings = {
				ALWAYS_SEARCH_USER_PATHS = NO;
				ASSETCATALOG_COMPILER_GENERATE_SWIFT_ASSET_SYMBOL_EXTENSIONS = YES;
				CLANG_ANALYZER_NONNULL = YES;
				CLANG_ANALYZER_NUMBER_OBJECT_CONVERSION = YES_AGGRESSIVE;
				CLANG_CXX_LANGUAGE_STANDARD = "gnu++20";
				CLANG_ENABLE_MODULES = YES;
				CLANG_ENABLE_OBJC_ARC = YES;
				CLANG_ENABLE_OBJC_WEAK = YES;
				CLANG_WARN_BLOCK_CAPTURE_AUTORELEASING = YES;
				CLANG_WARN_BOOL_CONVERSION = YES;
				CLANG_WARN_COMMA = YES;
				CLANG_WARN_CONSTANT_CONVERSION = YES;
				CLANG_WARN_DEPRECATED_OBJC_IMPLEMENTATIONS = YES;
				CLANG_WARN_DIRECT_OBJC_ISA_USAGE = YES_ERROR;
				CLANG_WARN_DOCUMENTATION_COMMENTS = YES;
				CLANG_WARN_EMPTY_BODY = YES;
				CLANG_WARN_ENUM_CONVERSION = YES;
				CLANG_WARN_INFINITE_RECURSION = YES;
				CLANG_WARN_INT_CONVERSION = YES;
				CLANG_WARN_NON_LITERAL_NULL_CONVERSION = YES;
				CLANG_WARN_OBJC_IMPLICIT_RETAIN_SELF = YES;
				CLANG_WARN_OBJC_LITERAL_CONVERSION = YES;
				CLANG_WARN_OBJC_ROOT_CLASS = YES_ERROR;
				CLANG_WARN_QUOTED_INCLUDE_IN_FRAMEWORK_HEADER = YES;
				CLANG_WARN_RANGE_LOOP_ANALYSIS = YES;
				CLANG_WARN_STRICT_PROTOTYPES = YES;
				CLANG_WARN_SUSPICIOUS_MOVE = YES;
				CLANG_WARN_UNGUARDED_AVAILABILITY = YES_AGGRESSIVE;
				CLANG_WARN_UNREACHABLE_CODE = YES;
				CLANG_WARN__DUPLICATE_METHOD_MATCH = YES;
				COPY_PHASE_STRIP = NO;
				DEAD_CODE_STRIPPING = YES;
				DEBUG_INFORMATION_FORMAT = "dwarf-with-dsym";
				DEVELOPMENT_TEAM = 78Z5H3M6RJ;
				ENABLE_NS_ASSERTIONS = NO;
				ENABLE_STRICT_OBJC_MSGSEND = YES;
				ENABLE_USER_SCRIPT_SANDBOXING = YES;
				GCC_C_LANGUAGE_STANDARD = gnu17;
				GCC_NO_COMMON_BLOCKS = YES;
				GCC_WARN_64_TO_32_BIT_CONVERSION = YES;
				GCC_WARN_ABOUT_RETURN_TYPE = YES_ERROR;
				GCC_WARN_UNDECLARED_SELECTOR = YES;
				GCC_WARN_UNINITIALIZED_AUTOS = YES_AGGRESSIVE;
				GCC_WARN_UNUSED_FUNCTION = YES;
				GCC_WARN_UNUSED_VARIABLE = YES;
				LOCALIZATION_PREFERS_STRING_CATALOGS = YES;
				MTL_ENABLE_DEBUG_INFO = NO;
				MTL_FAST_MATH = YES;
				STRING_CATALOG_GENERATE_SYMBOLS = YES;
				SWIFT_COMPILATION_MODE = wholemodule;
			};
			name = Release;
		};
		372D1A332EDB163900F58F7A /* Debug */ = {
			isa = XCBuildConfiguration;
			buildSettings = {
				ASSETCATALOG_COMPILER_APPICON_NAME = Yattee2;
				ASSETCATALOG_COMPILER_GLOBAL_ACCENT_COLOR_NAME = AccentColor;
				AUTOMATION_APPLE_EVENTS = NO;
				CODE_SIGN_ENTITLEMENTS = Yattee/Yattee.entitlements;
				CODE_SIGN_STYLE = Automatic;
				CURRENT_PROJECT_VERSION = 250;
				DEAD_CODE_STRIPPING = YES;
				DEVELOPMENT_TEAM = 78Z5H3M6RJ;
				ENABLE_APP_SANDBOX = YES;
				ENABLE_HARDENED_RUNTIME = YES;
				ENABLE_INCOMING_NETWORK_CONNECTIONS = YES;
				ENABLE_OUTGOING_NETWORK_CONNECTIONS = YES;
				ENABLE_PREVIEWS = YES;
				ENABLE_RESOURCE_ACCESS_AUDIO_INPUT = YES;
				ENABLE_RESOURCE_ACCESS_BLUETOOTH = NO;
				ENABLE_RESOURCE_ACCESS_CALENDARS = NO;
				ENABLE_RESOURCE_ACCESS_CAMERA = NO;
				ENABLE_RESOURCE_ACCESS_CONTACTS = NO;
				ENABLE_RESOURCE_ACCESS_LOCATION = NO;
				ENABLE_RESOURCE_ACCESS_PHOTO_LIBRARY = NO;
				ENABLE_RESOURCE_ACCESS_PRINTING = NO;
				ENABLE_RESOURCE_ACCESS_USB = NO;
				ENABLE_USER_SELECTED_FILES = readonly;
				GCC_PREPROCESSOR_DEFINITIONS = (
					"DEBUG=1",
					"$(inherited)",
					"GLES_SILENCE_DEPRECATION=1",
					"GL_SILENCE_DEPRECATION=1",
				);
				GENERATE_INFOPLIST_FILE = YES;
				HEADER_SEARCH_PATHS = (
					"$(BUILD_DIR)/$(CONFIGURATION)$(EFFECTIVE_PLATFORM_NAME)/Libsmbclient.framework/Headers/samba-4.0",
					"$(BUILT_PRODUCTS_DIR)/Libsmbclient.framework/Headers/samba-4.0",
				);
				INFOPLIST_FILE = Yattee/Info.plist;
				INFOPLIST_KEY_CFBundleDisplayName = Yattee;
				INFOPLIST_KEY_LSApplicationCategoryType = "public.app-category.video";
				INFOPLIST_KEY_NSLocalNetworkUsageDescription = "Yattee uses local network to discover and control playback on other Yattee devices.";
				"INFOPLIST_KEY_UIApplicationSceneManifest_Generation[sdk=iphoneos*]" = YES;
				"INFOPLIST_KEY_UIApplicationSceneManifest_Generation[sdk=iphonesimulator*]" = YES;
				"INFOPLIST_KEY_UIApplicationSupportsIndirectInputEvents[sdk=iphoneos*]" = YES;
				"INFOPLIST_KEY_UIApplicationSupportsIndirectInputEvents[sdk=iphonesimulator*]" = YES;
				"INFOPLIST_KEY_UILaunchScreen_Generation[sdk=iphoneos*]" = YES;
				"INFOPLIST_KEY_UILaunchScreen_Generation[sdk=iphonesimulator*]" = YES;
				"INFOPLIST_KEY_UIStatusBarStyle[sdk=iphoneos*]" = UIStatusBarStyleDefault;
				"INFOPLIST_KEY_UIStatusBarStyle[sdk=iphonesimulator*]" = UIStatusBarStyleDefault;
				INFOPLIST_KEY_UISupportedInterfaceOrientations_iPad = "UIInterfaceOrientationPortrait UIInterfaceOrientationPortraitUpsideDown UIInterfaceOrientationLandscapeLeft UIInterfaceOrientationLandscapeRight";
				INFOPLIST_KEY_UISupportedInterfaceOrientations_iPhone = "UIInterfaceOrientationPortrait UIInterfaceOrientationLandscapeLeft UIInterfaceOrientationLandscapeRight";
				IPHONEOS_DEPLOYMENT_TARGET = 18.0;
				LD_RUNPATH_SEARCH_PATHS = "@executable_path/Frameworks";
				"LD_RUNPATH_SEARCH_PATHS[sdk=macosx*]" = "@executable_path/../Frameworks";
				MACOSX_DEPLOYMENT_TARGET = 15.0;
				MARKETING_VERSION = 2.0.0;
				PRODUCT_BUNDLE_IDENTIFIER = stream.yattee.app;
				PRODUCT_NAME = "$(TARGET_NAME)";
				REGISTER_APP_GROUPS = YES;
				RUNTIME_EXCEPTION_ALLOW_DYLD_ENVIRONMENT_VARIABLES = NO;
				RUNTIME_EXCEPTION_ALLOW_JIT = NO;
				RUNTIME_EXCEPTION_ALLOW_UNSIGNED_EXECUTABLE_MEMORY = YES;
				RUNTIME_EXCEPTION_DEBUGGING_TOOL = NO;
				RUNTIME_EXCEPTION_DISABLE_EXECUTABLE_PAGE_PROTECTION = NO;
				RUNTIME_EXCEPTION_DISABLE_LIBRARY_VALIDATION = YES;
				SDKROOT = auto;
				STRING_CATALOG_GENERATE_SYMBOLS = YES;
				SUPPORTED_PLATFORMS = "appletvos appletvsimulator iphoneos iphonesimulator macosx";
				SUPPORTS_MACCATALYST = NO;
				SWIFT_APPROACHABLE_CONCURRENCY = YES;
				SWIFT_DEFAULT_ACTOR_ISOLATION = nonisolated;
				SWIFT_EMIT_LOC_STRINGS = YES;
				SWIFT_OBJC_BRIDGING_HEADER = "$(SRCROOT)/Yattee/Yattee-Bridging-Header.h";
				SWIFT_UPCOMING_FEATURE_MEMBER_IMPORT_VISIBILITY = YES;
				SWIFT_VERSION = 5.0;
				TARGETED_DEVICE_FAMILY = "1,2,3";
				TVOS_DEPLOYMENT_TARGET = 18.0;
				XROS_DEPLOYMENT_TARGET = 26.1;
			};
			name = Debug;
		};
		372D1A342EDB163900F58F7A /* Release */ = {
			isa = XCBuildConfiguration;
			buildSettings = {
				ASSETCATALOG_COMPILER_APPICON_NAME = Yattee2;
				ASSETCATALOG_COMPILER_GLOBAL_ACCENT_COLOR_NAME = AccentColor;
				AUTOMATION_APPLE_EVENTS = NO;
				CODE_SIGN_ENTITLEMENTS = Yattee/Yattee.entitlements;
				CODE_SIGN_STYLE = Automatic;
				CURRENT_PROJECT_VERSION = 250;
				DEAD_CODE_STRIPPING = YES;
				DEVELOPMENT_TEAM = 78Z5H3M6RJ;
				ENABLE_APP_SANDBOX = YES;
				ENABLE_HARDENED_RUNTIME = YES;
				ENABLE_INCOMING_NETWORK_CONNECTIONS = YES;
				ENABLE_OUTGOING_NETWORK_CONNECTIONS = YES;
				ENABLE_PREVIEWS = YES;
				ENABLE_RESOURCE_ACCESS_AUDIO_INPUT = YES;
				ENABLE_RESOURCE_ACCESS_BLUETOOTH = NO;
				ENABLE_RESOURCE_ACCESS_CALENDARS = NO;
				ENABLE_RESOURCE_ACCESS_CAMERA = NO;
				ENABLE_RESOURCE_ACCESS_CONTACTS = NO;
				ENABLE_RESOURCE_ACCESS_LOCATION = NO;
				ENABLE_RESOURCE_ACCESS_PHOTO_LIBRARY = NO;
				ENABLE_RESOURCE_ACCESS_PRINTING = NO;
				ENABLE_RESOURCE_ACCESS_USB = NO;
				ENABLE_USER_SELECTED_FILES = readonly;
				GCC_PREPROCESSOR_DEFINITIONS = (
					"GLES_SILENCE_DEPRECATION=1",
					"GL_SILENCE_DEPRECATION=1",
				);
				GENERATE_INFOPLIST_FILE = YES;
				HEADER_SEARCH_PATHS = (
					"$(BUILD_DIR)/$(CONFIGURATION)$(EFFECTIVE_PLATFORM_NAME)/Libsmbclient.framework/Headers/samba-4.0",
					"$(BUILT_PRODUCTS_DIR)/Libsmbclient.framework/Headers/samba-4.0",
				);
				INFOPLIST_FILE = Yattee/Info.plist;
				INFOPLIST_KEY_CFBundleDisplayName = Yattee;
				INFOPLIST_KEY_LSApplicationCategoryType = "public.app-category.video";
				INFOPLIST_KEY_NSLocalNetworkUsageDescription = "Yattee uses local network to discover and control playback on other Yattee devices.";
				"INFOPLIST_KEY_UIApplicationSceneManifest_Generation[sdk=iphoneos*]" = YES;
				"INFOPLIST_KEY_UIApplicationSceneManifest_Generation[sdk=iphonesimulator*]" = YES;
				"INFOPLIST_KEY_UIApplicationSupportsIndirectInputEvents[sdk=iphoneos*]" = YES;
				"INFOPLIST_KEY_UIApplicationSupportsIndirectInputEvents[sdk=iphonesimulator*]" = YES;
				"INFOPLIST_KEY_UILaunchScreen_Generation[sdk=iphoneos*]" = YES;
				"INFOPLIST_KEY_UILaunchScreen_Generation[sdk=iphonesimulator*]" = YES;
				"INFOPLIST_KEY_UIStatusBarStyle[sdk=iphoneos*]" = UIStatusBarStyleDefault;
				"INFOPLIST_KEY_UIStatusBarStyle[sdk=iphonesimulator*]" = UIStatusBarStyleDefault;
				INFOPLIST_KEY_UISupportedInterfaceOrientations_iPad = "UIInterfaceOrientationPortrait UIInterfaceOrientationPortraitUpsideDown UIInterfaceOrientationLandscapeLeft UIInterfaceOrientationLandscapeRight";
				INFOPLIST_KEY_UISupportedInterfaceOrientations_iPhone = "UIInterfaceOrientationPortrait UIInterfaceOrientationLandscapeLeft UIInterfaceOrientationLandscapeRight";
				IPHONEOS_DEPLOYMENT_TARGET = 18.0;
				LD_RUNPATH_SEARCH_PATHS = "@executable_path/Frameworks";
				"LD_RUNPATH_SEARCH_PATHS[sdk=macosx*]" = "@executable_path/../Frameworks";
				MACOSX_DEPLOYMENT_TARGET = 15.0;
				MARKETING_VERSION = 2.0.0;
				PRODUCT_BUNDLE_IDENTIFIER = stream.yattee.app;
				PRODUCT_NAME = "$(TARGET_NAME)";
				REGISTER_APP_GROUPS = YES;
				RUNTIME_EXCEPTION_ALLOW_DYLD_ENVIRONMENT_VARIABLES = NO;
				RUNTIME_EXCEPTION_ALLOW_JIT = NO;
				RUNTIME_EXCEPTION_ALLOW_UNSIGNED_EXECUTABLE_MEMORY = YES;
				RUNTIME_EXCEPTION_DEBUGGING_TOOL = NO;
				RUNTIME_EXCEPTION_DISABLE_EXECUTABLE_PAGE_PROTECTION = NO;
				RUNTIME_EXCEPTION_DISABLE_LIBRARY_VALIDATION = YES;
				SDKROOT = auto;
				STRING_CATALOG_GENERATE_SYMBOLS = YES;
				SUPPORTED_PLATFORMS = "appletvos appletvsimulator iphoneos iphonesimulator macosx";
				SUPPORTS_MACCATALYST = NO;
				SWIFT_APPROACHABLE_CONCURRENCY = YES;
				SWIFT_DEFAULT_ACTOR_ISOLATION = nonisolated;
				SWIFT_EMIT_LOC_STRINGS = YES;
				SWIFT_OBJC_BRIDGING_HEADER = "$(SRCROOT)/Yattee/Yattee-Bridging-Header.h";
				SWIFT_UPCOMING_FEATURE_MEMBER_IMPORT_VISIBILITY = YES;
				SWIFT_VERSION = 5.0;
				TARGETED_DEVICE_FAMILY = "1,2,3";
				TVOS_DEPLOYMENT_TARGET = 18.0;
				XROS_DEPLOYMENT_TARGET = 26.1;
			};
			name = Release;
		};
		37BA19B72EE4EB7F001D7B0F /* Debug */ = {
			isa = XCBuildConfiguration;
			buildSettings = {
				CODE_SIGN_ENTITLEMENTS = YatteeShareExtension/YatteeShareExtension.entitlements;
				CODE_SIGN_STYLE = Automatic;
				CURRENT_PROJECT_VERSION = 250;
				DEVELOPMENT_TEAM = 78Z5H3M6RJ;
				GENERATE_INFOPLIST_FILE = YES;
				INFOPLIST_FILE = YatteeShareExtension/Info.plist;
				INFOPLIST_KEY_CFBundleDisplayName = "Yattee Share Extension";
				INFOPLIST_KEY_NSHumanReadableCopyright = "";
				IPHONEOS_DEPLOYMENT_TARGET = 18;
				LD_RUNPATH_SEARCH_PATHS = (
					"$(inherited)",
					"@executable_path/Frameworks",
					"@executable_path/../../Frameworks",
				);
				MARKETING_VERSION = 2.0.0;
				PRODUCT_BUNDLE_IDENTIFIER = stream.yattee.app.ShareExtension;
				PRODUCT_NAME = "$(TARGET_NAME)";
				SDKROOT = iphoneos;
				SKIP_INSTALL = YES;
				STRING_CATALOG_GENERATE_SYMBOLS = YES;
				SWIFT_APPROACHABLE_CONCURRENCY = YES;
				SWIFT_EMIT_LOC_STRINGS = YES;
				SWIFT_UPCOMING_FEATURE_MEMBER_IMPORT_VISIBILITY = YES;
				SWIFT_VERSION = 5.0;
				TARGETED_DEVICE_FAMILY = "1,2";
			};
			name = Debug;
		};
		37BA19B82EE4EB7F001D7B0F /* Release */ = {
			isa = XCBuildConfiguration;
			buildSettings = {
				CODE_SIGN_ENTITLEMENTS = YatteeShareExtension/YatteeShareExtension.entitlements;
				CODE_SIGN_STYLE = Automatic;
				CURRENT_PROJECT_VERSION = 250;
				DEVELOPMENT_TEAM = 78Z5H3M6RJ;
				GENERATE_INFOPLIST_FILE = YES;
				INFOPLIST_FILE = YatteeShareExtension/Info.plist;
				INFOPLIST_KEY_CFBundleDisplayName = "Yattee Share Extension";
				INFOPLIST_KEY_NSHumanReadableCopyright = "";
				IPHONEOS_DEPLOYMENT_TARGET = 18;
				LD_RUNPATH_SEARCH_PATHS = (
					"$(inherited)",
					"@executable_path/Frameworks",
					"@executable_path/../../Frameworks",
				);
				MARKETING_VERSION = 2.0.0;
				PRODUCT_BUNDLE_IDENTIFIER = stream.yattee.app.ShareExtension;
				PRODUCT_NAME = "$(TARGET_NAME)";
				SDKROOT = iphoneos;
				SKIP_INSTALL = YES;
				STRING_CATALOG_GENERATE_SYMBOLS = YES;
				SWIFT_APPROACHABLE_CONCURRENCY = YES;
				SWIFT_EMIT_LOC_STRINGS = YES;
				SWIFT_UPCOMING_FEATURE_MEMBER_IMPORT_VISIBILITY = YES;
				SWIFT_VERSION = 5.0;
				TARGETED_DEVICE_FAMILY = "1,2";
				VALIDATE_PRODUCT = YES;
			};
			name = Release;
		};
		37D0B29B2EDB23BD00B9C4ED /* Debug */ = {
			isa = XCBuildConfiguration;
			buildSettings = {
				BUNDLE_LOADER = "$(TEST_HOST)";
				CODE_SIGN_STYLE = Automatic;
				CURRENT_PROJECT_VERSION = 1;
				DEAD_CODE_STRIPPING = YES;
				DEVELOPMENT_TEAM = 78Z5H3M6RJ;
				GENERATE_INFOPLIST_FILE = YES;
				IPHONEOS_DEPLOYMENT_TARGET = 18.0;
				MACOSX_DEPLOYMENT_TARGET = 15.0;
				MARKETING_VERSION = 1.0;
				PRODUCT_BUNDLE_IDENTIFIER = stream.yattee.app.YatteeTests;
				PRODUCT_NAME = "$(TARGET_NAME)";
				SDKROOT = auto;
				STRING_CATALOG_GENERATE_SYMBOLS = NO;
				SUPPORTED_PLATFORMS = "appletvos appletvsimulator iphoneos iphonesimulator macosx";
				SUPPORTS_MACCATALYST = NO;
				SWIFT_APPROACHABLE_CONCURRENCY = YES;
				SWIFT_EMIT_LOC_STRINGS = NO;
				SWIFT_UPCOMING_FEATURE_MEMBER_IMPORT_VISIBILITY = YES;
				SWIFT_VERSION = 5.0;
				TARGETED_DEVICE_FAMILY = "1,2,3";
				TEST_HOST = "$(BUILT_PRODUCTS_DIR)/Yattee.app/$(BUNDLE_EXECUTABLE_FOLDER_PATH)/Yattee";
				TVOS_DEPLOYMENT_TARGET = 18.0;
				XROS_DEPLOYMENT_TARGET = 26.1;
			};
			name = Debug;
		};
		37D0B29C2EDB23BD00B9C4ED /* Release */ = {
			isa = XCBuildConfiguration;
			buildSettings = {
				BUNDLE_LOADER = "$(TEST_HOST)";
				CODE_SIGN_STYLE = Automatic;
				CURRENT_PROJECT_VERSION = 1;
				DEAD_CODE_STRIPPING = YES;
				DEVELOPMENT_TEAM = 78Z5H3M6RJ;
				GENERATE_INFOPLIST_FILE = YES;
				IPHONEOS_DEPLOYMENT_TARGET = 18.0;
				MACOSX_DEPLOYMENT_TARGET = 15.0;
				MARKETING_VERSION = 1.0;
				PRODUCT_BUNDLE_IDENTIFIER = stream.yattee.app.YatteeTests;
				PRODUCT_NAME = "$(TARGET_NAME)";
				SDKROOT = auto;
				STRING_CATALOG_GENERATE_SYMBOLS = NO;
				SUPPORTED_PLATFORMS = "appletvos appletvsimulator iphoneos iphonesimulator macosx";
				SUPPORTS_MACCATALYST = NO;
				SWIFT_APPROACHABLE_CONCURRENCY = YES;
				SWIFT_EMIT_LOC_STRINGS = NO;
				SWIFT_UPCOMING_FEATURE_MEMBER_IMPORT_VISIBILITY = YES;
				SWIFT_VERSION = 5.0;
				TARGETED_DEVICE_FAMILY = "1,2,3";
				TEST_HOST = "$(BUILT_PRODUCTS_DIR)/Yattee.app/$(BUNDLE_EXECUTABLE_FOLDER_PATH)/Yattee";
				TVOS_DEPLOYMENT_TARGET = 18.0;
				XROS_DEPLOYMENT_TARGET = 26.1;
			};
			name = Release;
		};
/* End XCBuildConfiguration section */

/* Begin XCConfigurationList section */
		372D1A222EDB163800F58F7A /* Build configuration list for PBXProject "Yattee" */ = {
			isa = XCConfigurationList;
			buildConfigurations = (
				372D1A302EDB163900F58F7A /* Debug */,
				372D1A312EDB163900F58F7A /* Release */,
			);
			defaultConfigurationIsVisible = 0;
			defaultConfigurationName = Release;
		};
		372D1A322EDB163900F58F7A /* Build configuration list for PBXNativeTarget "Yattee" */ = {
			isa = XCConfigurationList;
			buildConfigurations = (
				372D1A332EDB163900F58F7A /* Debug */,
				372D1A342EDB163900F58F7A /* Release */,
			);
			defaultConfigurationIsVisible = 0;
			defaultConfigurationName = Release;
		};
		37BA19B62EE4EB7F001D7B0F /* Build configuration list for PBXNativeTarget "YatteeShareExtension" */ = {
			isa = XCConfigurationList;
			buildConfigurations = (
				37BA19B72EE4EB7F001D7B0F /* Debug */,
				37BA19B82EE4EB7F001D7B0F /* Release */,
			);
			defaultConfigurationIsVisible = 0;
			defaultConfigurationName = Release;
		};
		37D0B29A2EDB23BD00B9C4ED /* Build configuration list for PBXNativeTarget "YatteeTests" */ = {
			isa = XCConfigurationList;
			buildConfigurations = (
				37D0B29B2EDB23BD00B9C4ED /* Debug */,
				37D0B29C2EDB23BD00B9C4ED /* Release */,
			);
			defaultConfigurationIsVisible = 0;
			defaultConfigurationName = Release;
		};
/* End XCConfigurationList section */

/* Begin XCRemoteSwiftPackageReference section */
		37767AB12F05766100D248FC /* XCRemoteSwiftPackageReference "Nuke" */ = {
			isa = XCRemoteSwiftPackageReference;
			repositoryURL = "https://github.com/kean/Nuke";
			requirement = {
				kind = upToNextMajorVersion;
				minimumVersion = 12.8.0;
			};
		};
		378CF2FF2EF21783002C1CD7 /* XCRemoteSwiftPackageReference "MPVKit" */ = {
			isa = XCRemoteSwiftPackageReference;
			repositoryURL = "https://github.com/mpvkit/MPVKit.git";
			requirement = {
				kind = upToNextMajorVersion;
				minimumVersion = 0.41.0;
			};
		};
/* End XCRemoteSwiftPackageReference section */

/* Begin XCSwiftPackageProductDependency section */
		37767AB22F05766100D248FC /* Nuke */ = {
			isa = XCSwiftPackageProductDependency;
			package = 37767AB12F05766100D248FC /* XCRemoteSwiftPackageReference "Nuke" */;
			productName = Nuke;
		};
		37767AB42F05766100D248FC /* NukeUI */ = {
			isa = XCSwiftPackageProductDependency;
			package = 37767AB12F05766100D248FC /* XCRemoteSwiftPackageReference "Nuke" */;
			productName = NukeUI;
		};
		378CF2FD2EF21767002C1CD7 /* MPVKit-GPL */ = {
			isa = XCSwiftPackageProductDependency;
			productName = "MPVKit-GPL";
		};
		378CF3002EF21783002C1CD7 /* MPVKit-GPL */ = {
			isa = XCSwiftPackageProductDependency;
			package = 378CF2FF2EF21783002C1CD7 /* XCRemoteSwiftPackageReference "MPVKit" */;
			productName = "MPVKit-GPL";
		};
/* End XCSwiftPackageProductDependency section */
	};
	rootObject = 372D1A1F2EDB163800F58F7A /* Project object */;
}
